// !$*UTF8*$!
{
	archiveVersion = 1;
	classes = {
	};
	objectVersion = 46;
	objects = {

/* Begin PBXBuildFile section */
		15221671152AB0CF00FFFC82 /* UIKit.framework in Frameworks */ = {isa = PBXBuildFile; fileRef = 15221670152AB0CF00FFFC82 /* UIKit.framework */; };
		15221673152AB0CF00FFFC82 /* Foundation.framework in Frameworks */ = {isa = PBXBuildFile; fileRef = 15221672152AB0CF00FFFC82 /* Foundation.framework */; };
		15221675152AB0CF00FFFC82 /* CoreGraphics.framework in Frameworks */ = {isa = PBXBuildFile; fileRef = 15221674152AB0CF00FFFC82 /* CoreGraphics.framework */; };
		1522167B152AB0CF00FFFC82 /* InfoPlist.strings in Resources */ = {isa = PBXBuildFile; fileRef = 15221679152AB0CF00FFFC82 /* InfoPlist.strings */; };
		1522167D152AB0CF00FFFC82 /* main.m in Sources */ = {isa = PBXBuildFile; fileRef = 1522167C152AB0CF00FFFC82 /* main.m */; };
		15221681152AB0CF00FFFC82 /* AppDelegate.m in Sources */ = {isa = PBXBuildFile; fileRef = 15221680152AB0CF00FFFC82 /* AppDelegate.m */; };
		15221684152AB0CF00FFFC82 /* MainStoryboard_iPhone.storyboard in Resources */ = {isa = PBXBuildFile; fileRef = 15221682152AB0CF00FFFC82 /* MainStoryboard_iPhone.storyboard */; };
		15221687152AB0CF00FFFC82 /* MainStoryboard_iPad.storyboard in Resources */ = {isa = PBXBuildFile; fileRef = 15221685152AB0CF00FFFC82 /* MainStoryboard_iPad.storyboard */; };
		1522168A152AB0CF00FFFC82 /* FirstViewController.m in Sources */ = {isa = PBXBuildFile; fileRef = 15221689152AB0CF00FFFC82 /* FirstViewController.m */; };
		1522168C152AB0CF00FFFC82 /* first.png in Resources */ = {isa = PBXBuildFile; fileRef = 1522168B152AB0CF00FFFC82 /* first.png */; };
		1522168E152AB0CF00FFFC82 /* first@2x.png in Resources */ = {isa = PBXBuildFile; fileRef = 1522168D152AB0CF00FFFC82 /* first@2x.png */; };
		15221691152AB0CF00FFFC82 /* SecondViewController.m in Sources */ = {isa = PBXBuildFile; fileRef = 15221690152AB0CF00FFFC82 /* SecondViewController.m */; };
		15221693152AB0CF00FFFC82 /* second.png in Resources */ = {isa = PBXBuildFile; fileRef = 15221692152AB0CF00FFFC82 /* second.png */; };
		15221695152AB0CF00FFFC82 /* second@2x.png in Resources */ = {isa = PBXBuildFile; fileRef = 15221694152AB0CF00FFFC82 /* second@2x.png */; };
		1522169D152AB0CF00FFFC82 /* SenTestingKit.framework in Frameworks */ = {isa = PBXBuildFile; fileRef = 1522169C152AB0CF00FFFC82 /* SenTestingKit.framework */; };
		1522169E152AB0CF00FFFC82 /* UIKit.framework in Frameworks */ = {isa = PBXBuildFile; fileRef = 15221670152AB0CF00FFFC82 /* UIKit.framework */; };
		1522169F152AB0CF00FFFC82 /* Foundation.framework in Frameworks */ = {isa = PBXBuildFile; fileRef = 15221672152AB0CF00FFFC82 /* Foundation.framework */; };
		152216A7152AB0CF00FFFC82 /* InfoPlist.strings in Resources */ = {isa = PBXBuildFile; fileRef = 152216A5152AB0CF00FFFC82 /* InfoPlist.strings */; };
		152216AA152AB0CF00FFFC82 /* RouteRankerTests.m in Sources */ = {isa = PBXBuildFile; fileRef = 152216A9152AB0CF00FFFC82 /* RouteRankerTests.m */; };
		152216B4152B6E2B00FFFC82 /* MapKit.framework in Frameworks */ = {isa = PBXBuildFile; fileRef = 152216B3152B6E2B00FFFC82 /* MapKit.framework */; };
		152216B6152B6E3E00FFFC82 /* CoreLocation.framework in Frameworks */ = {isa = PBXBuildFile; fileRef = 152216B5152B6E3E00FFFC82 /* CoreLocation.framework */; };
		152216B9152D41CE00FFFC82 /* MapViewController.m in Sources */ = {isa = PBXBuildFile; fileRef = 152216B8152D41CE00FFFC82 /* MapViewController.m */; };
		153A26C915507DF300A10B2A /* RouteRanker.xcdatamodeld in Sources */ = {isa = PBXBuildFile; fileRef = 153A26C715507DF300A10B2A /* RouteRanker.xcdatamodeld */; };
		15584383154F9F0F00533CAF /* GroupViewController.m in Sources */ = {isa = PBXBuildFile; fileRef = 15584382154F9F0F00533CAF /* GroupViewController.m */; };
		1558438C154FE59700533CAF /* AutoAnnotation.m in Sources */ = {isa = PBXBuildFile; fileRef = 1558438B154FE59700533CAF /* AutoAnnotation.m */; };
		15584392154FED2400533CAF /* AutoAnnotation.m in Sources */ = {isa = PBXBuildFile; fileRef = 1558438B154FE59700533CAF /* AutoAnnotation.m */; };
		155843A2154FF91500533CAF /* image.png in Resources */ = {isa = PBXBuildFile; fileRef = 155843A1154FF91400533CAF /* image.png */; };
		155843A4154FF91F00533CAF /* aqua_dot.png in Resources */ = {isa = PBXBuildFile; fileRef = 155843A3154FF91E00533CAF /* aqua_dot.png */; };
		155843A7155053B100533CAF /* Group.m in Sources */ = {isa = PBXBuildFile; fileRef = 155843A6155053B100533CAF /* Group.m */; };
		155C1018154CC7CF00526805 /* kalman.m in Sources */ = {isa = PBXBuildFile; fileRef = 155C1017154CC7CF00526805 /* kalman.m */; };
		155C101A154CC82B00526805 /* matrix.m in Sources */ = {isa = PBXBuildFile; fileRef = 155C1019154CC82B00526805 /* matrix.m */; };
		155C101D154CC85500526805 /* gps.m in Sources */ = {isa = PBXBuildFile; fileRef = 155C101C154CC85500526805 /* gps.m */; };
		1562D06F1551D44100219A92 /* RouteData.m in Sources */ = {isa = PBXBuildFile; fileRef = 1562D06E1551D44100219A92 /* RouteData.m */; };
		1562D0781551D7A000219A92 /* MapPointData.m in Sources */ = {isa = PBXBuildFile; fileRef = 1562D0771551D7A000219A92 /* MapPointData.m */; };
		1562D07B1551D7B400219A92 /* AnnotationData.m in Sources */ = {isa = PBXBuildFile; fileRef = 1562D07A1551D7B100219A92 /* AnnotationData.m */; };
		15961C9215492E6900F77D67 /* graph.png in Resources */ = {isa = PBXBuildFile; fileRef = 15961C9115492E6900F77D67 /* graph.png */; };
		15961C9415492E7500F77D67 /* connections.png in Resources */ = {isa = PBXBuildFile; fileRef = 15961C9315492E7500F77D67 /* connections.png */; };
		15961C9615492EE300F77D67 /* world.png in Resources */ = {isa = PBXBuildFile; fileRef = 15961C9515492EE300F77D67 /* world.png */; };
		15961C9815492F5400F77D67 /* house.png in Resources */ = {isa = PBXBuildFile; fileRef = 15961C9715492F5400F77D67 /* house.png */; };
		15AAC4F9153FF2CD007C4D61 /* RouteAnnotation.m in Sources */ = {isa = PBXBuildFile; fileRef = 15AAC4F8153FF2CD007C4D61 /* RouteAnnotation.m */; };
		15C29B65153674FC009901F9 /* RouteView.m in Sources */ = {isa = PBXBuildFile; fileRef = 15C29B64153674FC009901F9 /* RouteView.m */; };
		15E412AB15511E7800D906AA /* Route.m in Sources */ = {isa = PBXBuildFile; fileRef = 15E412AA15511E7800D906AA /* Route.m */; };
		15E412AE15511EA900D906AA /* icon.png in Resources */ = {isa = PBXBuildFile; fileRef = 15E412AD15511EA900D906AA /* icon.png */; };
		15E412AF15511F0000D906AA /* Route.m in Sources */ = {isa = PBXBuildFile; fileRef = 15E412AA15511E7800D906AA /* Route.m */; };
		BA74615D15586EFA00EFF915 /* URLRequest.m in Sources */ = {isa = PBXBuildFile; fileRef = BA74614015586EFA00EFF915 /* URLRequest.m */; };
		BA74615E15586EFA00EFF915 /* URLRequest.m in Sources */ = {isa = PBXBuildFile; fileRef = BA74614015586EFA00EFF915 /* URLRequest.m */; };
		BA74616115586EFA00EFF915 /* clientRest.m in Sources */ = {isa = PBXBuildFile; fileRef = BA74614215586EFA00EFF915 /* clientRest.m */; };
		BA74616215586EFA00EFF915 /* clientRest.m in Sources */ = {isa = PBXBuildFile; fileRef = BA74614215586EFA00EFF915 /* clientRest.m */; };
		BA74616315586EFA00EFF915 /* NSObject+SBJson.m in Sources */ = {isa = PBXBuildFile; fileRef = BA74614515586EFA00EFF915 /* NSObject+SBJson.m */; };
		BA74616415586EFA00EFF915 /* NSObject+SBJson.m in Sources */ = {isa = PBXBuildFile; fileRef = BA74614515586EFA00EFF915 /* NSObject+SBJson.m */; };
		BA74616515586EFA00EFF915 /* SBJsonParser.m in Sources */ = {isa = PBXBuildFile; fileRef = BA74614815586EFA00EFF915 /* SBJsonParser.m */; };
		BA74616615586EFA00EFF915 /* SBJsonParser.m in Sources */ = {isa = PBXBuildFile; fileRef = BA74614815586EFA00EFF915 /* SBJsonParser.m */; };
		BA74616715586EFA00EFF915 /* SBJsonStreamParser.m in Sources */ = {isa = PBXBuildFile; fileRef = BA74614A15586EFA00EFF915 /* SBJsonStreamParser.m */; };
		BA74616815586EFA00EFF915 /* SBJsonStreamParser.m in Sources */ = {isa = PBXBuildFile; fileRef = BA74614A15586EFA00EFF915 /* SBJsonStreamParser.m */; };
		BA74616915586EFA00EFF915 /* SBJsonStreamParserAccumulator.m in Sources */ = {isa = PBXBuildFile; fileRef = BA74614C15586EFA00EFF915 /* SBJsonStreamParserAccumulator.m */; };
		BA74616A15586EFA00EFF915 /* SBJsonStreamParserAccumulator.m in Sources */ = {isa = PBXBuildFile; fileRef = BA74614C15586EFA00EFF915 /* SBJsonStreamParserAccumulator.m */; };
		BA74616B15586EFA00EFF915 /* SBJsonStreamParserAdapter.m in Sources */ = {isa = PBXBuildFile; fileRef = BA74614E15586EFA00EFF915 /* SBJsonStreamParserAdapter.m */; };
		BA74616C15586EFA00EFF915 /* SBJsonStreamParserAdapter.m in Sources */ = {isa = PBXBuildFile; fileRef = BA74614E15586EFA00EFF915 /* SBJsonStreamParserAdapter.m */; };
		BA74616D15586EFA00EFF915 /* SBJsonStreamParserState.m in Sources */ = {isa = PBXBuildFile; fileRef = BA74615015586EFA00EFF915 /* SBJsonStreamParserState.m */; };
		BA74616E15586EFA00EFF915 /* SBJsonStreamParserState.m in Sources */ = {isa = PBXBuildFile; fileRef = BA74615015586EFA00EFF915 /* SBJsonStreamParserState.m */; };
		BA74616F15586EFA00EFF915 /* SBJsonStreamWriter.m in Sources */ = {isa = PBXBuildFile; fileRef = BA74615215586EFA00EFF915 /* SBJsonStreamWriter.m */; };
		BA74617015586EFA00EFF915 /* SBJsonStreamWriter.m in Sources */ = {isa = PBXBuildFile; fileRef = BA74615215586EFA00EFF915 /* SBJsonStreamWriter.m */; };
		BA74617115586EFA00EFF915 /* SBJsonStreamWriterAccumulator.m in Sources */ = {isa = PBXBuildFile; fileRef = BA74615415586EFA00EFF915 /* SBJsonStreamWriterAccumulator.m */; };
		BA74617215586EFA00EFF915 /* SBJsonStreamWriterAccumulator.m in Sources */ = {isa = PBXBuildFile; fileRef = BA74615415586EFA00EFF915 /* SBJsonStreamWriterAccumulator.m */; };
		BA74617315586EFA00EFF915 /* SBJsonStreamWriterState.m in Sources */ = {isa = PBXBuildFile; fileRef = BA74615615586EFA00EFF915 /* SBJsonStreamWriterState.m */; };
		BA74617415586EFA00EFF915 /* SBJsonStreamWriterState.m in Sources */ = {isa = PBXBuildFile; fileRef = BA74615615586EFA00EFF915 /* SBJsonStreamWriterState.m */; };
		BA74617515586EFA00EFF915 /* SBJsonTokeniser.m in Sources */ = {isa = PBXBuildFile; fileRef = BA74615815586EFA00EFF915 /* SBJsonTokeniser.m */; };
		BA74617615586EFA00EFF915 /* SBJsonTokeniser.m in Sources */ = {isa = PBXBuildFile; fileRef = BA74615815586EFA00EFF915 /* SBJsonTokeniser.m */; };
		BA74617715586EFA00EFF915 /* SBJsonUTF8Stream.m in Sources */ = {isa = PBXBuildFile; fileRef = BA74615A15586EFA00EFF915 /* SBJsonUTF8Stream.m */; };
		BA74617815586EFA00EFF915 /* SBJsonUTF8Stream.m in Sources */ = {isa = PBXBuildFile; fileRef = BA74615A15586EFA00EFF915 /* SBJsonUTF8Stream.m */; };
		BA74617915586EFA00EFF915 /* SBJsonWriter.m in Sources */ = {isa = PBXBuildFile; fileRef = BA74615C15586EFA00EFF915 /* SBJsonWriter.m */; };
		BA74617A15586EFA00EFF915 /* SBJsonWriter.m in Sources */ = {isa = PBXBuildFile; fileRef = BA74615C15586EFA00EFF915 /* SBJsonWriter.m */; };
		BAB66E571558692E0060187C /* CoreData.framework in Frameworks */ = {isa = PBXBuildFile; fileRef = BAB66E561558692E0060187C /* CoreData.framework */; };
/* End PBXBuildFile section */

/* Begin PBXContainerItemProxy section */
		152216A0152AB0CF00FFFC82 /* PBXContainerItemProxy */ = {
			isa = PBXContainerItemProxy;
			containerPortal = 15221663152AB0CF00FFFC82 /* Project object */;
			proxyType = 1;
			remoteGlobalIDString = 1522166B152AB0CF00FFFC82;
			remoteInfo = RouteRanker;
		};
/* End PBXContainerItemProxy section */

/* Begin PBXFileReference section */
		1522166C152AB0CF00FFFC82 /* RouteRanker.app */ = {isa = PBXFileReference; explicitFileType = wrapper.application; includeInIndex = 0; path = RouteRanker.app; sourceTree = BUILT_PRODUCTS_DIR; };
		15221670152AB0CF00FFFC82 /* UIKit.framework */ = {isa = PBXFileReference; lastKnownFileType = wrapper.framework; name = UIKit.framework; path = System/Library/Frameworks/UIKit.framework; sourceTree = SDKROOT; };
		15221672152AB0CF00FFFC82 /* Foundation.framework */ = {isa = PBXFileReference; lastKnownFileType = wrapper.framework; name = Foundation.framework; path = System/Library/Frameworks/Foundation.framework; sourceTree = SDKROOT; };
		15221674152AB0CF00FFFC82 /* CoreGraphics.framework */ = {isa = PBXFileReference; lastKnownFileType = wrapper.framework; name = CoreGraphics.framework; path = System/Library/Frameworks/CoreGraphics.framework; sourceTree = SDKROOT; };
		15221678152AB0CF00FFFC82 /* RouteRanker-Info.plist */ = {isa = PBXFileReference; lastKnownFileType = text.plist.xml; path = "RouteRanker-Info.plist"; sourceTree = "<group>"; };
		1522167A152AB0CF00FFFC82 /* en */ = {isa = PBXFileReference; lastKnownFileType = text.plist.strings; name = en; path = en.lproj/InfoPlist.strings; sourceTree = "<group>"; };
		1522167C152AB0CF00FFFC82 /* main.m */ = {isa = PBXFileReference; lastKnownFileType = sourcecode.c.objc; path = main.m; sourceTree = "<group>"; };
		1522167E152AB0CF00FFFC82 /* RouteRanker-Prefix.pch */ = {isa = PBXFileReference; lastKnownFileType = sourcecode.c.h; path = "RouteRanker-Prefix.pch"; sourceTree = "<group>"; };
		1522167F152AB0CF00FFFC82 /* AppDelegate.h */ = {isa = PBXFileReference; lastKnownFileType = sourcecode.c.h; path = AppDelegate.h; sourceTree = "<group>"; };
		15221680152AB0CF00FFFC82 /* AppDelegate.m */ = {isa = PBXFileReference; lastKnownFileType = sourcecode.c.objc; path = AppDelegate.m; sourceTree = "<group>"; };
		15221683152AB0CF00FFFC82 /* en */ = {isa = PBXFileReference; lastKnownFileType = text.xml; name = en; path = en.lproj/MainStoryboard_iPhone.storyboard; sourceTree = "<group>"; };
		15221686152AB0CF00FFFC82 /* en */ = {isa = PBXFileReference; lastKnownFileType = text.xml; name = en; path = en.lproj/MainStoryboard_iPad.storyboard; sourceTree = "<group>"; };
		15221688152AB0CF00FFFC82 /* FirstViewController.h */ = {isa = PBXFileReference; lastKnownFileType = sourcecode.c.h; path = FirstViewController.h; sourceTree = "<group>"; };
		15221689152AB0CF00FFFC82 /* FirstViewController.m */ = {isa = PBXFileReference; lastKnownFileType = sourcecode.c.objc; path = FirstViewController.m; sourceTree = "<group>"; };
		1522168B152AB0CF00FFFC82 /* first.png */ = {isa = PBXFileReference; lastKnownFileType = image.png; path = first.png; sourceTree = "<group>"; };
		1522168D152AB0CF00FFFC82 /* first@2x.png */ = {isa = PBXFileReference; lastKnownFileType = image.png; path = "first@2x.png"; sourceTree = "<group>"; };
		1522168F152AB0CF00FFFC82 /* SecondViewController.h */ = {isa = PBXFileReference; lastKnownFileType = sourcecode.c.h; path = SecondViewController.h; sourceTree = "<group>"; };
		15221690152AB0CF00FFFC82 /* SecondViewController.m */ = {isa = PBXFileReference; lastKnownFileType = sourcecode.c.objc; path = SecondViewController.m; sourceTree = "<group>"; };
		15221692152AB0CF00FFFC82 /* second.png */ = {isa = PBXFileReference; lastKnownFileType = image.png; path = second.png; sourceTree = "<group>"; };
		15221694152AB0CF00FFFC82 /* second@2x.png */ = {isa = PBXFileReference; lastKnownFileType = image.png; path = "second@2x.png"; sourceTree = "<group>"; };
		1522169B152AB0CF00FFFC82 /* RouteRankerTests.octest */ = {isa = PBXFileReference; explicitFileType = wrapper.cfbundle; includeInIndex = 0; path = RouteRankerTests.octest; sourceTree = BUILT_PRODUCTS_DIR; };
		1522169C152AB0CF00FFFC82 /* SenTestingKit.framework */ = {isa = PBXFileReference; lastKnownFileType = wrapper.framework; name = SenTestingKit.framework; path = Library/Frameworks/SenTestingKit.framework; sourceTree = DEVELOPER_DIR; };
		152216A4152AB0CF00FFFC82 /* RouteRankerTests-Info.plist */ = {isa = PBXFileReference; lastKnownFileType = text.plist.xml; path = "RouteRankerTests-Info.plist"; sourceTree = "<group>"; };
		152216A6152AB0CF00FFFC82 /* en */ = {isa = PBXFileReference; lastKnownFileType = text.plist.strings; name = en; path = en.lproj/InfoPlist.strings; sourceTree = "<group>"; };
		152216A8152AB0CF00FFFC82 /* RouteRankerTests.h */ = {isa = PBXFileReference; lastKnownFileType = sourcecode.c.h; path = RouteRankerTests.h; sourceTree = "<group>"; };
		152216A9152AB0CF00FFFC82 /* RouteRankerTests.m */ = {isa = PBXFileReference; lastKnownFileType = sourcecode.c.objc; path = RouteRankerTests.m; sourceTree = "<group>"; };
		152216B3152B6E2B00FFFC82 /* MapKit.framework */ = {isa = PBXFileReference; lastKnownFileType = wrapper.framework; name = MapKit.framework; path = System/Library/Frameworks/MapKit.framework; sourceTree = SDKROOT; };
		152216B5152B6E3E00FFFC82 /* CoreLocation.framework */ = {isa = PBXFileReference; lastKnownFileType = wrapper.framework; name = CoreLocation.framework; path = System/Library/Frameworks/CoreLocation.framework; sourceTree = SDKROOT; };
		152216B7152D41CE00FFFC82 /* MapViewController.h */ = {isa = PBXFileReference; fileEncoding = 4; lastKnownFileType = sourcecode.c.h; path = MapViewController.h; sourceTree = "<group>"; };
		152216B8152D41CE00FFFC82 /* MapViewController.m */ = {isa = PBXFileReference; fileEncoding = 4; lastKnownFileType = sourcecode.c.objc; path = MapViewController.m; sourceTree = "<group>"; };
		153A26C815507DF300A10B2A /* RouteRanker.xcdatamodel */ = {isa = PBXFileReference; lastKnownFileType = wrapper.xcdatamodel; path = RouteRanker.xcdatamodel; sourceTree = "<group>"; };
		15584381154F9F0E00533CAF /* GroupViewController.h */ = {isa = PBXFileReference; fileEncoding = 4; lastKnownFileType = sourcecode.c.h; path = GroupViewController.h; sourceTree = "<group>"; };
		15584382154F9F0F00533CAF /* GroupViewController.m */ = {isa = PBXFileReference; fileEncoding = 4; lastKnownFileType = sourcecode.c.objc; path = GroupViewController.m; sourceTree = "<group>"; };
		1558438A154FE59700533CAF /* AutoAnnotation.h */ = {isa = PBXFileReference; fileEncoding = 4; lastKnownFileType = sourcecode.c.h; path = AutoAnnotation.h; sourceTree = "<group>"; };
		1558438B154FE59700533CAF /* AutoAnnotation.m */ = {isa = PBXFileReference; fileEncoding = 4; lastKnownFileType = sourcecode.c.objc; path = AutoAnnotation.m; sourceTree = "<group>"; };
		155843A1154FF91400533CAF /* image.png */ = {isa = PBXFileReference; lastKnownFileType = image.png; path = image.png; sourceTree = "<group>"; };
		155843A3154FF91E00533CAF /* aqua_dot.png */ = {isa = PBXFileReference; lastKnownFileType = image.png; path = aqua_dot.png; sourceTree = "<group>"; };
		155843A5155053B100533CAF /* Group.h */ = {isa = PBXFileReference; fileEncoding = 4; lastKnownFileType = sourcecode.c.h; path = Group.h; sourceTree = "<group>"; };
		155843A6155053B100533CAF /* Group.m */ = {isa = PBXFileReference; fileEncoding = 4; lastKnownFileType = sourcecode.c.objc; path = Group.m; sourceTree = "<group>"; };
		155C100E154CBCC500526805 /* matrix.h */ = {isa = PBXFileReference; fileEncoding = 4; lastKnownFileType = sourcecode.c.h; path = matrix.h; sourceTree = "<group>"; };
		155C1013154CBCDB00526805 /* gps.h */ = {isa = PBXFileReference; fileEncoding = 4; lastKnownFileType = sourcecode.c.h; path = gps.h; sourceTree = "<group>"; };
		155C1017154CC7CF00526805 /* kalman.m */ = {isa = PBXFileReference; fileEncoding = 4; lastKnownFileType = sourcecode.c.objc; path = kalman.m; sourceTree = "<group>"; };
		155C1019154CC82B00526805 /* matrix.m */ = {isa = PBXFileReference; fileEncoding = 4; lastKnownFileType = sourcecode.c.objc; path = matrix.m; sourceTree = "<group>"; };
		155C101B154CC83F00526805 /* kalman.h */ = {isa = PBXFileReference; fileEncoding = 4; lastKnownFileType = sourcecode.c.h; path = kalman.h; sourceTree = "<group>"; };
		155C101C154CC85500526805 /* gps.m */ = {isa = PBXFileReference; fileEncoding = 4; lastKnownFileType = sourcecode.c.objc; path = gps.m; sourceTree = "<group>"; };
		1562D06D1551D44000219A92 /* RouteData.h */ = {isa = PBXFileReference; fileEncoding = 4; lastKnownFileType = sourcecode.c.h; path = RouteData.h; sourceTree = "<group>"; };
		1562D06E1551D44100219A92 /* RouteData.m */ = {isa = PBXFileReference; fileEncoding = 4; lastKnownFileType = sourcecode.c.objc; path = RouteData.m; sourceTree = "<group>"; };
		1562D0761551D7A000219A92 /* MapPointData.h */ = {isa = PBXFileReference; fileEncoding = 4; lastKnownFileType = sourcecode.c.h; path = MapPointData.h; sourceTree = "<group>"; };
		1562D0771551D7A000219A92 /* MapPointData.m */ = {isa = PBXFileReference; fileEncoding = 4; lastKnownFileType = sourcecode.c.objc; path = MapPointData.m; sourceTree = "<group>"; };
		1562D0791551D7B100219A92 /* AnnotationData.h */ = {isa = PBXFileReference; fileEncoding = 4; lastKnownFileType = sourcecode.c.h; path = AnnotationData.h; sourceTree = "<group>"; };
		1562D07A1551D7B100219A92 /* AnnotationData.m */ = {isa = PBXFileReference; fileEncoding = 4; lastKnownFileType = sourcecode.c.objc; path = AnnotationData.m; sourceTree = "<group>"; };
		15961C9115492E6900F77D67 /* graph.png */ = {isa = PBXFileReference; lastKnownFileType = image.png; path = graph.png; sourceTree = "<group>"; };
		15961C9315492E7500F77D67 /* connections.png */ = {isa = PBXFileReference; lastKnownFileType = image.png; path = connections.png; sourceTree = "<group>"; };
		15961C9515492EE300F77D67 /* world.png */ = {isa = PBXFileReference; lastKnownFileType = image.png; path = world.png; sourceTree = "<group>"; };
		15961C9715492F5400F77D67 /* house.png */ = {isa = PBXFileReference; lastKnownFileType = image.png; path = house.png; sourceTree = "<group>"; };
		15AAC4F7153FF2CD007C4D61 /* RouteAnnotation.h */ = {isa = PBXFileReference; fileEncoding = 4; lastKnownFileType = sourcecode.c.h; path = RouteAnnotation.h; sourceTree = "<group>"; };
		15AAC4F8153FF2CD007C4D61 /* RouteAnnotation.m */ = {isa = PBXFileReference; fileEncoding = 4; lastKnownFileType = sourcecode.c.objc; path = RouteAnnotation.m; sourceTree = "<group>"; };
		15C29B63153674FC009901F9 /* RouteView.h */ = {isa = PBXFileReference; fileEncoding = 4; lastKnownFileType = sourcecode.c.h; path = RouteView.h; sourceTree = "<group>"; };
		15C29B64153674FC009901F9 /* RouteView.m */ = {isa = PBXFileReference; fileEncoding = 4; lastKnownFileType = sourcecode.c.objc; path = RouteView.m; sourceTree = "<group>"; };
		15E412A915511E7800D906AA /* Route.h */ = {isa = PBXFileReference; fileEncoding = 4; lastKnownFileType = sourcecode.c.h; path = Route.h; sourceTree = "<group>"; };
		15E412AA15511E7800D906AA /* Route.m */ = {isa = PBXFileReference; fileEncoding = 4; lastKnownFileType = sourcecode.c.objc; path = Route.m; sourceTree = "<group>"; };
		15E412AD15511EA900D906AA /* icon.png */ = {isa = PBXFileReference; lastKnownFileType = image.png; path = icon.png; sourceTree = "<group>"; };
		BA74613F15586EFA00EFF915 /* URLRequest.h */ = {isa = PBXFileReference; fileEncoding = 4; lastKnownFileType = sourcecode.c.h; path = URLRequest.h; sourceTree = "<group>"; };
		BA74614015586EFA00EFF915 /* URLRequest.m */ = {isa = PBXFileReference; fileEncoding = 4; lastKnownFileType = sourcecode.c.objc; path = URLRequest.m; sourceTree = "<group>"; };
		BA74614215586EFA00EFF915 /* clientRest.m */ = {isa = PBXFileReference; fileEncoding = 4; lastKnownFileType = sourcecode.c.objc; path = clientRest.m; sourceTree = "<group>"; };
		BA74614315586EFA00EFF915 /* clientRest.h */ = {isa = PBXFileReference; fileEncoding = 4; lastKnownFileType = sourcecode.c.h; path = clientRest.h; sourceTree = "<group>"; };
		BA74614415586EFA00EFF915 /* NSObject+SBJson.h */ = {isa = PBXFileReference; fileEncoding = 4; lastKnownFileType = sourcecode.c.h; path = "NSObject+SBJson.h"; sourceTree = "<group>"; };
		BA74614515586EFA00EFF915 /* NSObject+SBJson.m */ = {isa = PBXFileReference; fileEncoding = 4; lastKnownFileType = sourcecode.c.objc; path = "NSObject+SBJson.m"; sourceTree = "<group>"; };
		BA74614615586EFA00EFF915 /* SBJson.h */ = {isa = PBXFileReference; fileEncoding = 4; lastKnownFileType = sourcecode.c.h; path = SBJson.h; sourceTree = "<group>"; };
		BA74614715586EFA00EFF915 /* SBJsonParser.h */ = {isa = PBXFileReference; fileEncoding = 4; lastKnownFileType = sourcecode.c.h; path = SBJsonParser.h; sourceTree = "<group>"; };
		BA74614815586EFA00EFF915 /* SBJsonParser.m */ = {isa = PBXFileReference; fileEncoding = 4; lastKnownFileType = sourcecode.c.objc; path = SBJsonParser.m; sourceTree = "<group>"; };
		BA74614915586EFA00EFF915 /* SBJsonStreamParser.h */ = {isa = PBXFileReference; fileEncoding = 4; lastKnownFileType = sourcecode.c.h; path = SBJsonStreamParser.h; sourceTree = "<group>"; };
		BA74614A15586EFA00EFF915 /* SBJsonStreamParser.m */ = {isa = PBXFileReference; fileEncoding = 4; lastKnownFileType = sourcecode.c.objc; path = SBJsonStreamParser.m; sourceTree = "<group>"; };
		BA74614B15586EFA00EFF915 /* SBJsonStreamParserAccumulator.h */ = {isa = PBXFileReference; fileEncoding = 4; lastKnownFileType = sourcecode.c.h; path = SBJsonStreamParserAccumulator.h; sourceTree = "<group>"; };
		BA74614C15586EFA00EFF915 /* SBJsonStreamParserAccumulator.m */ = {isa = PBXFileReference; fileEncoding = 4; lastKnownFileType = sourcecode.c.objc; path = SBJsonStreamParserAccumulator.m; sourceTree = "<group>"; };
		BA74614D15586EFA00EFF915 /* SBJsonStreamParserAdapter.h */ = {isa = PBXFileReference; fileEncoding = 4; lastKnownFileType = sourcecode.c.h; path = SBJsonStreamParserAdapter.h; sourceTree = "<group>"; };
		BA74614E15586EFA00EFF915 /* SBJsonStreamParserAdapter.m */ = {isa = PBXFileReference; fileEncoding = 4; lastKnownFileType = sourcecode.c.objc; path = SBJsonStreamParserAdapter.m; sourceTree = "<group>"; };
		BA74614F15586EFA00EFF915 /* SBJsonStreamParserState.h */ = {isa = PBXFileReference; fileEncoding = 4; lastKnownFileType = sourcecode.c.h; path = SBJsonStreamParserState.h; sourceTree = "<group>"; };
		BA74615015586EFA00EFF915 /* SBJsonStreamParserState.m */ = {isa = PBXFileReference; fileEncoding = 4; lastKnownFileType = sourcecode.c.objc; path = SBJsonStreamParserState.m; sourceTree = "<group>"; };
		BA74615115586EFA00EFF915 /* SBJsonStreamWriter.h */ = {isa = PBXFileReference; fileEncoding = 4; lastKnownFileType = sourcecode.c.h; path = SBJsonStreamWriter.h; sourceTree = "<group>"; };
		BA74615215586EFA00EFF915 /* SBJsonStreamWriter.m */ = {isa = PBXFileReference; fileEncoding = 4; lastKnownFileType = sourcecode.c.objc; path = SBJsonStreamWriter.m; sourceTree = "<group>"; };
		BA74615315586EFA00EFF915 /* SBJsonStreamWriterAccumulator.h */ = {isa = PBXFileReference; fileEncoding = 4; lastKnownFileType = sourcecode.c.h; path = SBJsonStreamWriterAccumulator.h; sourceTree = "<group>"; };
		BA74615415586EFA00EFF915 /* SBJsonStreamWriterAccumulator.m */ = {isa = PBXFileReference; fileEncoding = 4; lastKnownFileType = sourcecode.c.objc; path = SBJsonStreamWriterAccumulator.m; sourceTree = "<group>"; };
		BA74615515586EFA00EFF915 /* SBJsonStreamWriterState.h */ = {isa = PBXFileReference; fileEncoding = 4; lastKnownFileType = sourcecode.c.h; path = SBJsonStreamWriterState.h; sourceTree = "<group>"; };
		BA74615615586EFA00EFF915 /* SBJsonStreamWriterState.m */ = {isa = PBXFileReference; fileEncoding = 4; lastKnownFileType = sourcecode.c.objc; path = SBJsonStreamWriterState.m; sourceTree = "<group>"; };
		BA74615715586EFA00EFF915 /* SBJsonTokeniser.h */ = {isa = PBXFileReference; fileEncoding = 4; lastKnownFileType = sourcecode.c.h; path = SBJsonTokeniser.h; sourceTree = "<group>"; };
		BA74615815586EFA00EFF915 /* SBJsonTokeniser.m */ = {isa = PBXFileReference; fileEncoding = 4; lastKnownFileType = sourcecode.c.objc; path = SBJsonTokeniser.m; sourceTree = "<group>"; };
		BA74615915586EFA00EFF915 /* SBJsonUTF8Stream.h */ = {isa = PBXFileReference; fileEncoding = 4; lastKnownFileType = sourcecode.c.h; path = SBJsonUTF8Stream.h; sourceTree = "<group>"; };
		BA74615A15586EFA00EFF915 /* SBJsonUTF8Stream.m */ = {isa = PBXFileReference; fileEncoding = 4; lastKnownFileType = sourcecode.c.objc; path = SBJsonUTF8Stream.m; sourceTree = "<group>"; };
		BA74615B15586EFA00EFF915 /* SBJsonWriter.h */ = {isa = PBXFileReference; fileEncoding = 4; lastKnownFileType = sourcecode.c.h; path = SBJsonWriter.h; sourceTree = "<group>"; };
		BA74615C15586EFA00EFF915 /* SBJsonWriter.m */ = {isa = PBXFileReference; fileEncoding = 4; lastKnownFileType = sourcecode.c.objc; path = SBJsonWriter.m; sourceTree = "<group>"; };
		BAB66E561558692E0060187C /* CoreData.framework */ = {isa = PBXFileReference; lastKnownFileType = wrapper.framework; name = CoreData.framework; path = System/Library/Frameworks/CoreData.framework; sourceTree = SDKROOT; };
		BABEDBFD155AB579009D5823 /* test2.gpx */ = {isa = PBXFileReference; lastKnownFileType = text.xml; path = test2.gpx; sourceTree = "<group>"; };
/* End PBXFileReference section */

/* Begin PBXFrameworksBuildPhase section */
		15221669152AB0CF00FFFC82 /* Frameworks */ = {
			isa = PBXFrameworksBuildPhase;
			buildActionMask = 2147483647;
			files = (
				BAB66E571558692E0060187C /* CoreData.framework in Frameworks */,
				152216B6152B6E3E00FFFC82 /* CoreLocation.framework in Frameworks */,
				152216B4152B6E2B00FFFC82 /* MapKit.framework in Frameworks */,
				15221671152AB0CF00FFFC82 /* UIKit.framework in Frameworks */,
				15221673152AB0CF00FFFC82 /* Foundation.framework in Frameworks */,
				15221675152AB0CF00FFFC82 /* CoreGraphics.framework in Frameworks */,
			);
			runOnlyForDeploymentPostprocessing = 0;
		};
		15221697152AB0CF00FFFC82 /* Frameworks */ = {
			isa = PBXFrameworksBuildPhase;
			buildActionMask = 2147483647;
			files = (
				1522169D152AB0CF00FFFC82 /* SenTestingKit.framework in Frameworks */,
				1522169E152AB0CF00FFFC82 /* UIKit.framework in Frameworks */,
				1522169F152AB0CF00FFFC82 /* Foundation.framework in Frameworks */,
			);
			runOnlyForDeploymentPostprocessing = 0;
		};
/* End PBXFrameworksBuildPhase section */

/* Begin PBXGroup section */
		15221661152AB0CF00FFFC82 = {
			isa = PBXGroup;
			children = (
				BABEDBFD155AB579009D5823 /* test2.gpx */,
				BAB66E561558692E0060187C /* CoreData.framework */,
				152216B5152B6E3E00FFFC82 /* CoreLocation.framework */,
				152216B3152B6E2B00FFFC82 /* MapKit.framework */,
				15221676152AB0CF00FFFC82 /* RouteRanker */,
				152216A2152AB0CF00FFFC82 /* RouteRankerTests */,
				1522166F152AB0CF00FFFC82 /* Frameworks */,
				1522166D152AB0CF00FFFC82 /* Products */,
			);
			sourceTree = "<group>";
		};
		1522166D152AB0CF00FFFC82 /* Products */ = {
			isa = PBXGroup;
			children = (
				1522166C152AB0CF00FFFC82 /* RouteRanker.app */,
				1522169B152AB0CF00FFFC82 /* RouteRankerTests.octest */,
			);
			name = Products;
			sourceTree = "<group>";
		};
		1522166F152AB0CF00FFFC82 /* Frameworks */ = {
			isa = PBXGroup;
			children = (
				15221670152AB0CF00FFFC82 /* UIKit.framework */,
				15221672152AB0CF00FFFC82 /* Foundation.framework */,
				15221674152AB0CF00FFFC82 /* CoreGraphics.framework */,
				1522169C152AB0CF00FFFC82 /* SenTestingKit.framework */,
			);
			name = Frameworks;
			sourceTree = "<group>";
		};
		15221676152AB0CF00FFFC82 /* RouteRanker */ = {
			isa = PBXGroup;
			children = (
				BA74613F15586EFA00EFF915 /* URLRequest.h */,
				BA74614015586EFA00EFF915 /* URLRequest.m */,
				BA74614215586EFA00EFF915 /* clientRest.m */,
				BA74614315586EFA00EFF915 /* clientRest.h */,
				BA74614415586EFA00EFF915 /* NSObject+SBJson.h */,
				BA74614515586EFA00EFF915 /* NSObject+SBJson.m */,
				BA74614615586EFA00EFF915 /* SBJson.h */,
				BA74614715586EFA00EFF915 /* SBJsonParser.h */,
				BA74614815586EFA00EFF915 /* SBJsonParser.m */,
				BA74614915586EFA00EFF915 /* SBJsonStreamParser.h */,
				BA74614A15586EFA00EFF915 /* SBJsonStreamParser.m */,
				BA74614B15586EFA00EFF915 /* SBJsonStreamParserAccumulator.h */,
				BA74614C15586EFA00EFF915 /* SBJsonStreamParserAccumulator.m */,
				BA74614D15586EFA00EFF915 /* SBJsonStreamParserAdapter.h */,
				BA74614E15586EFA00EFF915 /* SBJsonStreamParserAdapter.m */,
				BA74614F15586EFA00EFF915 /* SBJsonStreamParserState.h */,
				BA74615015586EFA00EFF915 /* SBJsonStreamParserState.m */,
				BA74615115586EFA00EFF915 /* SBJsonStreamWriter.h */,
				BA74615215586EFA00EFF915 /* SBJsonStreamWriter.m */,
				BA74615315586EFA00EFF915 /* SBJsonStreamWriterAccumulator.h */,
				BA74615415586EFA00EFF915 /* SBJsonStreamWriterAccumulator.m */,
				BA74615515586EFA00EFF915 /* SBJsonStreamWriterState.h */,
				BA74615615586EFA00EFF915 /* SBJsonStreamWriterState.m */,
				BA74615715586EFA00EFF915 /* SBJsonTokeniser.h */,
				BA74615815586EFA00EFF915 /* SBJsonTokeniser.m */,
				BA74615915586EFA00EFF915 /* SBJsonUTF8Stream.h */,
				BA74615A15586EFA00EFF915 /* SBJsonUTF8Stream.m */,
				BA74615B15586EFA00EFF915 /* SBJsonWriter.h */,
				BA74615C15586EFA00EFF915 /* SBJsonWriter.m */,
				15961C8815492C6600F77D67 /* Images */,
				155C101B154CC83F00526805 /* kalman.h */,
				155C1017154CC7CF00526805 /* kalman.m */,
				155C1019154CC82B00526805 /* matrix.m */,
				155C100E154CBCC500526805 /* matrix.h */,
				155C1013154CBCDB00526805 /* gps.h */,
				155C101C154CC85500526805 /* gps.m */,
				15E412A915511E7800D906AA /* Route.h */,
				15E412AA15511E7800D906AA /* Route.m */,
				15C29B63153674FC009901F9 /* RouteView.h */,
				15C29B64153674FC009901F9 /* RouteView.m */,
				152216B7152D41CE00FFFC82 /* MapViewController.h */,
				152216B8152D41CE00FFFC82 /* MapViewController.m */,
				155843A5155053B100533CAF /* Group.h */,
				155843A6155053B100533CAF /* Group.m */,
				15584381154F9F0E00533CAF /* GroupViewController.h */,
				15584382154F9F0F00533CAF /* GroupViewController.m */,
				1522167F152AB0CF00FFFC82 /* AppDelegate.h */,
				15221680152AB0CF00FFFC82 /* AppDelegate.m */,
				15221682152AB0CF00FFFC82 /* MainStoryboard_iPhone.storyboard */,
				15221685152AB0CF00FFFC82 /* MainStoryboard_iPad.storyboard */,
				15221688152AB0CF00FFFC82 /* FirstViewController.h */,
				15221689152AB0CF00FFFC82 /* FirstViewController.m */,
				1522168F152AB0CF00FFFC82 /* SecondViewController.h */,
				15221690152AB0CF00FFFC82 /* SecondViewController.m */,
				15AAC4F7153FF2CD007C4D61 /* RouteAnnotation.h */,
				15AAC4F8153FF2CD007C4D61 /* RouteAnnotation.m */,
				1558438A154FE59700533CAF /* AutoAnnotation.h */,
				1558438B154FE59700533CAF /* AutoAnnotation.m */,
				15221677152AB0CF00FFFC82 /* Supporting Files */,
				1562D06D1551D44000219A92 /* RouteData.h */,
				1562D06E1551D44100219A92 /* RouteData.m */,
				1562D0761551D7A000219A92 /* MapPointData.h */,
				1562D0771551D7A000219A92 /* MapPointData.m */,
				1562D0791551D7B100219A92 /* AnnotationData.h */,
				1562D07A1551D7B100219A92 /* AnnotationData.m */,
				153A26C715507DF300A10B2A /* RouteRanker.xcdatamodeld */,
			);
			path = RouteRanker;
			sourceTree = "<group>";
		};
		15221677152AB0CF00FFFC82 /* Supporting Files */ = {
			isa = PBXGroup;
			children = (
				15221678152AB0CF00FFFC82 /* RouteRanker-Info.plist */,
				15221679152AB0CF00FFFC82 /* InfoPlist.strings */,
				1522167C152AB0CF00FFFC82 /* main.m */,
				1522167E152AB0CF00FFFC82 /* RouteRanker-Prefix.pch */,
			);
			name = "Supporting Files";
			sourceTree = "<group>";
		};
		152216A2152AB0CF00FFFC82 /* RouteRankerTests */ = {
			isa = PBXGroup;
			children = (
				152216A8152AB0CF00FFFC82 /* RouteRankerTests.h */,
				152216A9152AB0CF00FFFC82 /* RouteRankerTests.m */,
				152216A3152AB0CF00FFFC82 /* Supporting Files */,
			);
			path = RouteRankerTests;
			sourceTree = "<group>";
		};
		152216A3152AB0CF00FFFC82 /* Supporting Files */ = {
			isa = PBXGroup;
			children = (
				152216A4152AB0CF00FFFC82 /* RouteRankerTests-Info.plist */,
				152216A5152AB0CF00FFFC82 /* InfoPlist.strings */,
			);
			name = "Supporting Files";
			sourceTree = "<group>";
		};
		15961C8815492C6600F77D67 /* Images */ = {
			isa = PBXGroup;
			children = (
				15E412AD15511EA900D906AA /* icon.png */,
				1522168B152AB0CF00FFFC82 /* first.png */,
				15961C9315492E7500F77D67 /* connections.png */,
				155843A3154FF91E00533CAF /* aqua_dot.png */,
				155843A1154FF91400533CAF /* image.png */,
				15961C9115492E6900F77D67 /* graph.png */,
				15961C9515492EE300F77D67 /* world.png */,
				15961C9715492F5400F77D67 /* house.png */,
				15221694152AB0CF00FFFC82 /* second@2x.png */,
				1522168D152AB0CF00FFFC82 /* first@2x.png */,
				15221692152AB0CF00FFFC82 /* second.png */,
			);
			name = Images;
			sourceTree = "<group>";
		};
/* End PBXGroup section */

/* Begin PBXNativeTarget section */
		1522166B152AB0CF00FFFC82 /* RouteRanker */ = {
			isa = PBXNativeTarget;
			buildConfigurationList = 152216AD152AB0CF00FFFC82 /* Build configuration list for PBXNativeTarget "RouteRanker" */;
			buildPhases = (
				15221668152AB0CF00FFFC82 /* Sources */,
				15221669152AB0CF00FFFC82 /* Frameworks */,
				1522166A152AB0CF00FFFC82 /* Resources */,
			);
			buildRules = (
			);
			dependencies = (
			);
			name = RouteRanker;
			productName = RouteRanker;
			productReference = 1522166C152AB0CF00FFFC82 /* RouteRanker.app */;
			productType = "com.apple.product-type.application";
		};
		1522169A152AB0CF00FFFC82 /* RouteRankerTests */ = {
			isa = PBXNativeTarget;
			buildConfigurationList = 152216B0152AB0CF00FFFC82 /* Build configuration list for PBXNativeTarget "RouteRankerTests" */;
			buildPhases = (
				15221696152AB0CF00FFFC82 /* Sources */,
				15221697152AB0CF00FFFC82 /* Frameworks */,
				15221698152AB0CF00FFFC82 /* Resources */,
				15221699152AB0CF00FFFC82 /* ShellScript */,
			);
			buildRules = (
			);
			dependencies = (
				152216A1152AB0CF00FFFC82 /* PBXTargetDependency */,
			);
			name = RouteRankerTests;
			productName = RouteRankerTests;
			productReference = 1522169B152AB0CF00FFFC82 /* RouteRankerTests.octest */;
			productType = "com.apple.product-type.bundle";
		};
/* End PBXNativeTarget section */

/* Begin PBXProject section */
		15221663152AB0CF00FFFC82 /* Project object */ = {
			isa = PBXProject;
			attributes = {
				LastUpgradeCheck = 0430;
			};
			buildConfigurationList = 15221666152AB0CF00FFFC82 /* Build configuration list for PBXProject "RouteRanker" */;
			compatibilityVersion = "Xcode 3.2";
			developmentRegion = English;
			hasScannedForEncodings = 0;
			knownRegions = (
				en,
			);
			mainGroup = 15221661152AB0CF00FFFC82;
			productRefGroup = 1522166D152AB0CF00FFFC82 /* Products */;
			projectDirPath = "";
			projectRoot = "";
			targets = (
				1522166B152AB0CF00FFFC82 /* RouteRanker */,
				1522169A152AB0CF00FFFC82 /* RouteRankerTests */,
			);
		};
/* End PBXProject section */

/* Begin PBXResourcesBuildPhase section */
		1522166A152AB0CF00FFFC82 /* Resources */ = {
			isa = PBXResourcesBuildPhase;
			buildActionMask = 2147483647;
			files = (
				1522167B152AB0CF00FFFC82 /* InfoPlist.strings in Resources */,
				15221684152AB0CF00FFFC82 /* MainStoryboard_iPhone.storyboard in Resources */,
				15221687152AB0CF00FFFC82 /* MainStoryboard_iPad.storyboard in Resources */,
				1522168C152AB0CF00FFFC82 /* first.png in Resources */,
				1522168E152AB0CF00FFFC82 /* first@2x.png in Resources */,
				15221693152AB0CF00FFFC82 /* second.png in Resources */,
				15221695152AB0CF00FFFC82 /* second@2x.png in Resources */,
				15961C9215492E6900F77D67 /* graph.png in Resources */,
				15961C9415492E7500F77D67 /* connections.png in Resources */,
				15961C9615492EE300F77D67 /* world.png in Resources */,
				15961C9815492F5400F77D67 /* house.png in Resources */,
				155843A2154FF91500533CAF /* image.png in Resources */,
				155843A4154FF91F00533CAF /* aqua_dot.png in Resources */,
				15E412AE15511EA900D906AA /* icon.png in Resources */,
			);
			runOnlyForDeploymentPostprocessing = 0;
		};
		15221698152AB0CF00FFFC82 /* Resources */ = {
			isa = PBXResourcesBuildPhase;
			buildActionMask = 2147483647;
			files = (
				152216A7152AB0CF00FFFC82 /* InfoPlist.strings in Resources */,
			);
			runOnlyForDeploymentPostprocessing = 0;
		};
/* End PBXResourcesBuildPhase section */

/* Begin PBXShellScriptBuildPhase section */
		15221699152AB0CF00FFFC82 /* ShellScript */ = {
			isa = PBXShellScriptBuildPhase;
			buildActionMask = 2147483647;
			files = (
			);
			inputPaths = (
			);
			outputPaths = (
			);
			runOnlyForDeploymentPostprocessing = 0;
			shellPath = /bin/sh;
			shellScript = "# Run the unit tests in this test bundle.\n\"${SYSTEM_DEVELOPER_DIR}/Tools/RunUnitTests\"\n";
		};
/* End PBXShellScriptBuildPhase section */

/* Begin PBXSourcesBuildPhase section */
		15221668152AB0CF00FFFC82 /* Sources */ = {
			isa = PBXSourcesBuildPhase;
			buildActionMask = 2147483647;
			files = (
				1522167D152AB0CF00FFFC82 /* main.m in Sources */,
				15221681152AB0CF00FFFC82 /* AppDelegate.m in Sources */,
				1522168A152AB0CF00FFFC82 /* FirstViewController.m in Sources */,
				15221691152AB0CF00FFFC82 /* SecondViewController.m in Sources */,
				152216B9152D41CE00FFFC82 /* MapViewController.m in Sources */,
				15C29B65153674FC009901F9 /* RouteView.m in Sources */,
				15AAC4F9153FF2CD007C4D61 /* RouteAnnotation.m in Sources */,
				155C1018154CC7CF00526805 /* kalman.m in Sources */,
				155C101A154CC82B00526805 /* matrix.m in Sources */,
				155C101D154CC85500526805 /* gps.m in Sources */,
				15584392154FED2400533CAF /* AutoAnnotation.m in Sources */,
				15E412AF15511F0000D906AA /* Route.m in Sources */,
				15584383154F9F0F00533CAF /* GroupViewController.m in Sources */,
				155843A7155053B100533CAF /* Group.m in Sources */,
				153A26C915507DF300A10B2A /* RouteRanker.xcdatamodeld in Sources */,
				1562D06F1551D44100219A92 /* RouteData.m in Sources */,
				1562D0781551D7A000219A92 /* MapPointData.m in Sources */,
				1562D07B1551D7B400219A92 /* AnnotationData.m in Sources */,
				BA74615D15586EFA00EFF915 /* URLRequest.m in Sources */,
				BA74616115586EFA00EFF915 /* clientRest.m in Sources */,
				BA74616315586EFA00EFF915 /* NSObject+SBJson.m in Sources */,
				BA74616515586EFA00EFF915 /* SBJsonParser.m in Sources */,
				BA74616715586EFA00EFF915 /* SBJsonStreamParser.m in Sources */,
				BA74616915586EFA00EFF915 /* SBJsonStreamParserAccumulator.m in Sources */,
				BA74616B15586EFA00EFF915 /* SBJsonStreamParserAdapter.m in Sources */,
				BA74616D15586EFA00EFF915 /* SBJsonStreamParserState.m in Sources */,
				BA74616F15586EFA00EFF915 /* SBJsonStreamWriter.m in Sources */,
				BA74617115586EFA00EFF915 /* SBJsonStreamWriterAccumulator.m in Sources */,
				BA74617315586EFA00EFF915 /* SBJsonStreamWriterState.m in Sources */,
				BA74617515586EFA00EFF915 /* SBJsonTokeniser.m in Sources */,
				BA74617715586EFA00EFF915 /* SBJsonUTF8Stream.m in Sources */,
				BA74617915586EFA00EFF915 /* SBJsonWriter.m in Sources */,
			);
			runOnlyForDeploymentPostprocessing = 0;
		};
		15221696152AB0CF00FFFC82 /* Sources */ = {
			isa = PBXSourcesBuildPhase;
			buildActionMask = 2147483647;
			files = (
				152216AA152AB0CF00FFFC82 /* RouteRankerTests.m in Sources */,
				1558438C154FE59700533CAF /* AutoAnnotation.m in Sources */,
				15E412AB15511E7800D906AA /* Route.m in Sources */,
				BA74615E15586EFA00EFF915 /* URLRequest.m in Sources */,
				BA74616215586EFA00EFF915 /* clientRest.m in Sources */,
				BA74616415586EFA00EFF915 /* NSObject+SBJson.m in Sources */,
				BA74616615586EFA00EFF915 /* SBJsonParser.m in Sources */,
				BA74616815586EFA00EFF915 /* SBJsonStreamParser.m in Sources */,
				BA74616A15586EFA00EFF915 /* SBJsonStreamParserAccumulator.m in Sources */,
				BA74616C15586EFA00EFF915 /* SBJsonStreamParserAdapter.m in Sources */,
				BA74616E15586EFA00EFF915 /* SBJsonStreamParserState.m in Sources */,
				BA74617015586EFA00EFF915 /* SBJsonStreamWriter.m in Sources */,
				BA74617215586EFA00EFF915 /* SBJsonStreamWriterAccumulator.m in Sources */,
				BA74617415586EFA00EFF915 /* SBJsonStreamWriterState.m in Sources */,
				BA74617615586EFA00EFF915 /* SBJsonTokeniser.m in Sources */,
				BA74617815586EFA00EFF915 /* SBJsonUTF8Stream.m in Sources */,
				BA74617A15586EFA00EFF915 /* SBJsonWriter.m in Sources */,
			);
			runOnlyForDeploymentPostprocessing = 0;
		};
/* End PBXSourcesBuildPhase section */

/* Begin PBXTargetDependency section */
		152216A1152AB0CF00FFFC82 /* PBXTargetDependency */ = {
			isa = PBXTargetDependency;
			target = 1522166B152AB0CF00FFFC82 /* RouteRanker */;
			targetProxy = 152216A0152AB0CF00FFFC82 /* PBXContainerItemProxy */;
		};
/* End PBXTargetDependency section */

/* Begin PBXVariantGroup section */
		15221679152AB0CF00FFFC82 /* InfoPlist.strings */ = {
			isa = PBXVariantGroup;
			children = (
				1522167A152AB0CF00FFFC82 /* en */,
			);
			name = InfoPlist.strings;
			sourceTree = "<group>";
		};
		15221682152AB0CF00FFFC82 /* MainStoryboard_iPhone.storyboard */ = {
			isa = PBXVariantGroup;
			children = (
				15221683152AB0CF00FFFC82 /* en */,
			);
			name = MainStoryboard_iPhone.storyboard;
			sourceTree = "<group>";
		};
		15221685152AB0CF00FFFC82 /* MainStoryboard_iPad.storyboard */ = {
			isa = PBXVariantGroup;
			children = (
				15221686152AB0CF00FFFC82 /* en */,
			);
			name = MainStoryboard_iPad.storyboard;
			sourceTree = "<group>";
		};
		152216A5152AB0CF00FFFC82 /* InfoPlist.strings */ = {
			isa = PBXVariantGroup;
			children = (
				152216A6152AB0CF00FFFC82 /* en */,
			);
			name = InfoPlist.strings;
			sourceTree = "<group>";
		};
/* End PBXVariantGroup section */

/* Begin XCBuildConfiguration section */
		152216AB152AB0CF00FFFC82 /* Debug */ = {
			isa = XCBuildConfiguration;
			buildSettings = {
				ALWAYS_SEARCH_USER_PATHS = NO;
				ARCHS = "$(ARCHS_STANDARD_32_BIT)";
				CLANG_ENABLE_OBJC_ARC = YES;
				"CODE_SIGN_IDENTITY[sdk=iphoneos*]" = "iPhone Developer";
				COPY_PHASE_STRIP = NO;
				GCC_C_LANGUAGE_STANDARD = gnu99;
				GCC_DYNAMIC_NO_PIC = NO;
				GCC_OPTIMIZATION_LEVEL = 0;
				GCC_PREPROCESSOR_DEFINITIONS = (
					"DEBUG=1",
					"$(inherited)",
				);
				GCC_SYMBOLS_PRIVATE_EXTERN = NO;
				GCC_VERSION = com.apple.compilers.llvm.clang.1_0;
				GCC_WARN_ABOUT_RETURN_TYPE = YES;
				GCC_WARN_UNINITIALIZED_AUTOS = YES;
				GCC_WARN_UNUSED_VARIABLE = YES;
				IPHONEOS_DEPLOYMENT_TARGET = 5.1;
				SDKROOT = iphoneos;
				TARGETED_DEVICE_FAMILY = "1,2";
			};
			name = Debug;
		};
		152216AC152AB0CF00FFFC82 /* Release */ = {
			isa = XCBuildConfiguration;
			buildSettings = {
				ALWAYS_SEARCH_USER_PATHS = NO;
				ARCHS = "$(ARCHS_STANDARD_32_BIT)";
				CLANG_ENABLE_OBJC_ARC = YES;
				"CODE_SIGN_IDENTITY[sdk=iphoneos*]" = "iPhone Developer";
				COPY_PHASE_STRIP = YES;
				GCC_C_LANGUAGE_STANDARD = gnu99;
				GCC_VERSION = com.apple.compilers.llvm.clang.1_0;
				GCC_WARN_ABOUT_RETURN_TYPE = YES;
				GCC_WARN_UNINITIALIZED_AUTOS = YES;
				GCC_WARN_UNUSED_VARIABLE = YES;
				IPHONEOS_DEPLOYMENT_TARGET = 5.1;
				OTHER_CFLAGS = "-DNS_BLOCK_ASSERTIONS=1";
				SDKROOT = iphoneos;
				TARGETED_DEVICE_FAMILY = "1,2";
				VALIDATE_PRODUCT = YES;
			};
			name = Release;
		};
		152216AE152AB0CF00FFFC82 /* Debug */ = {
			isa = XCBuildConfiguration;
			buildSettings = {
				FRAMEWORK_SEARCH_PATHS = (
					"$(inherited)",
					"\"$(SRCROOT)\"",
				);
				GCC_PRECOMPILE_PREFIX_HEADER = YES;
				GCC_PREFIX_HEADER = "RouteRanker/RouteRanker-Prefix.pch";
				INFOPLIST_FILE = "RouteRanker/RouteRanker-Info.plist";
				PRODUCT_NAME = "$(TARGET_NAME)";
				WRAPPER_EXTENSION = app;
			};
			name = Debug;
		};
		152216AF152AB0CF00FFFC82 /* Release */ = {
			isa = XCBuildConfiguration;
			buildSettings = {
				FRAMEWORK_SEARCH_PATHS = (
					"$(inherited)",
					"\"$(SRCROOT)\"",
				);
				GCC_PRECOMPILE_PREFIX_HEADER = YES;
				GCC_PREFIX_HEADER = "RouteRanker/RouteRanker-Prefix.pch";
				INFOPLIST_FILE = "RouteRanker/RouteRanker-Info.plist";
				PRODUCT_NAME = "$(TARGET_NAME)";
				WRAPPER_EXTENSION = app;
			};
			name = Release;
		};
		152216B1152AB0CF00FFFC82 /* Debug */ = {
			isa = XCBuildConfiguration;
			buildSettings = {
				BUNDLE_LOADER = "$(BUILT_PRODUCTS_DIR)/RouteRanker.app/RouteRanker";
				FRAMEWORK_SEARCH_PATHS = (
					"$(SDKROOT)/Developer/Library/Frameworks",
					"$(DEVELOPER_LIBRARY_DIR)/Frameworks",
				);
				GCC_PRECOMPILE_PREFIX_HEADER = YES;
				GCC_PREFIX_HEADER = "RouteRanker/RouteRanker-Prefix.pch";
				INFOPLIST_FILE = "RouteRankerTests/RouteRankerTests-Info.plist";
				PRODUCT_NAME = "$(TARGET_NAME)";
				TEST_HOST = "$(BUNDLE_LOADER)";
				WRAPPER_EXTENSION = octest;
			};
			name = Debug;
		};
		152216B2152AB0CF00FFFC82 /* Release */ = {
			isa = XCBuildConfiguration;
			buildSettings = {
				BUNDLE_LOADER = "$(BUILT_PRODUCTS_DIR)/RouteRanker.app/RouteRanker";
				FRAMEWORK_SEARCH_PATHS = (
					"$(SDKROOT)/Developer/Library/Frameworks",
					"$(DEVELOPER_LIBRARY_DIR)/Frameworks",
				);
				GCC_PRECOMPILE_PREFIX_HEADER = YES;
				GCC_PREFIX_HEADER = "RouteRanker/RouteRanker-Prefix.pch";
				INFOPLIST_FILE = "RouteRankerTests/RouteRankerTests-Info.plist";
				PRODUCT_NAME = "$(TARGET_NAME)";
				TEST_HOST = "$(BUNDLE_LOADER)";
				WRAPPER_EXTENSION = octest;
			};
			name = Release;
		};
/* End XCBuildConfiguration section */

/* Begin XCConfigurationList section */
		15221666152AB0CF00FFFC82 /* Build configuration list for PBXProject "RouteRanker" */ = {
			isa = XCConfigurationList;
			buildConfigurations = (
				152216AB152AB0CF00FFFC82 /* Debug */,
				152216AC152AB0CF00FFFC82 /* Release */,
			);
			defaultConfigurationIsVisible = 0;
			defaultConfigurationName = Release;
		};
		152216AD152AB0CF00FFFC82 /* Build configuration list for PBXNativeTarget "RouteRanker" */ = {
			isa = XCConfigurationList;
			buildConfigurations = (
				152216AE152AB0CF00FFFC82 /* Debug */,
				152216AF152AB0CF00FFFC82 /* Release */,
			);
			defaultConfigurationIsVisible = 0;
			defaultConfigurationName = Release;
		};
		152216B0152AB0CF00FFFC82 /* Build configuration list for PBXNativeTarget "RouteRankerTests" */ = {
			isa = XCConfigurationList;
			buildConfigurations = (
				152216B1152AB0CF00FFFC82 /* Debug */,
				152216B2152AB0CF00FFFC82 /* Release */,
			);
			defaultConfigurationIsVisible = 0;
			defaultConfigurationName = Release;
		};
/* End XCConfigurationList section */

/* Begin XCVersionGroup section */
		153A26C715507DF300A10B2A /* RouteRanker.xcdatamodeld */ = {
			isa = XCVersionGroup;
			children = (
				153A26C815507DF300A10B2A /* RouteRanker.xcdatamodel */,
			);
			currentVersion = 153A26C815507DF300A10B2A /* RouteRanker.xcdatamodel */;
			path = RouteRanker.xcdatamodeld;
			sourceTree = "<group>";
			versionGroupType = wrapper.xcdatamodel;
		};
/* End XCVersionGroup section */
	};
	rootObject = 15221663152AB0CF00FFFC82 /* Project object */;
}
